{
  "name": "stack-switch",
  "version": "0.0.1",
  "lockfileVersion": 1,
  "requires": true,
  "dependencies": {
    "@types/history": {
      "version": "4.6.2",
      "resolved": "https://registry.npmjs.org/@types/history/-/history-4.6.2.tgz",
      "integrity": "sha512-eVAb52MJ4lfPLiO9VvTgv8KaZDEIqCwhv+lXOMLlt4C1YHTShgmMULEg0RrCbnqfYd6QKfHsMp0MiX0vWISpSw==",
      "dev": true
    },
    "@types/prop-types": {
      "version": "15.5.2",
      "resolved": "https://registry.npmjs.org/@types/prop-types/-/prop-types-15.5.2.tgz",
      "integrity": "sha512-pQRkAVoxiuUrLq8+CDwiQX4pTCep/PmmNgBbjIwnnsd/HoYjGpR81+FFPE030lvNXgR0haaAU6eoRtztWDE4Xw==",
      "dev": true
    },
    "@types/react": {
      "version": "16.0.34",
      "resolved": "https://registry.npmjs.org/@types/react/-/react-16.0.34.tgz",
      "integrity": "sha512-Ee66fX2qMsDnDq7sPnDtq1bGoo479j6Fo1BlSnne+L5rp6ndzBUgz72+MRNuN56zg9uuteRCkJAMdDJEX2Uqig==",
      "dev": true
    },
    "@types/react-router": {
      "version": "4.0.20",
      "resolved": "https://registry.npmjs.org/@types/react-router/-/react-router-4.0.20.tgz",
      "integrity": "sha512-6vIB5kSSDoFQE4lfPDD8VYvhVdx4/FtxhYcJPGA7Cz/dANsGricIbMhusmZed7WMiKJBItfmcHT8THdD2Vw4hw==",
      "dev": true,
      "requires": {
        "@types/history": "4.6.2",
        "@types/react": "16.0.34"
      }
    },
    "typescript": {
      "version": "2.6.2",
      "resolved": "https://registry.npmjs.org/typescript/-/typescript-2.6.2.tgz",
      "integrity": "sha1-PFtv1/beCRQmkCfwPAlGdY92c6Q=",
      "dev": true
    }
  }
}
